
Microsoft Visual Studio Solution File, Format Version 12.00
# Visual Studio Version 16
VisualStudioVersion = 16.0.31702.278
MinimumVisualStudioVersion = 10.0.40219.1
Project("{9A19103F-16F7-4668-BE54-9A1E7A4F7556}") = "IntegracaoContinua.Csharp.Teste", "test\IntegracaoContinua.Csharp.Teste.csproj", "{65D16481-97B5-48B6-BA7C-5798117F44B7}"
EndProject
Project("{9A19103F-16F7-4668-BE54-9A1E7A4F7556}") = "IntegracaoContinua.Csharp", "src\IntegracaoContinua.Csharp.csproj", "{EF46AD7B-781F-4FA1-9740-58DCC6F731D5}"
EndProject
Global
	GlobalSection(SolutionConfigurationPlatforms) = preSolution
		Debug|Any CPU = Debug|Any CPU
		Release|Any CPU = Release|Any CPU
	EndGlobalSection
	GlobalSection(ProjectConfigurationPlatforms) = postSolution
		{65D16481-97B5-48B6-BA7C-5798117F44B7}.Debug|Any CPU.ActiveCfg = Debug|Any CPU
		{65D16481-97B5-48B6-BA7C-5798117F44B7}.Debug|Any CPU.Build.0 = Debug|Any CPU
		{65D16481-97B5-48B6-BA7C-5798117F44B7}.Release|Any CPU.ActiveCfg = Release|Any CPU
		{65D16481-97B5-48B6-BA7C-5798117F44B7}.Release|Any CPU.Build.0 = Release|Any CPU
		{EF46AD7B-781F-4FA1-9740-58DCC6F731D5}.Debug|Any CPU.ActiveCfg = Debug|Any CPU
		{EF46AD7B-781F-4FA1-9740-58DCC6F731D5}.Debug|Any CPU.Build.0 = Debug|Any CPU
		{EF46AD7B-781F-4FA1-9740-58DCC6F731D5}.Release|Any CPU.ActiveCfg = Release|Any CPU
		{EF46AD7B-781F-4FA1-9740-58DCC6F731D5}.Release|Any CPU.Build.0 = Release|Any CPU
	EndGlobalSection
	GlobalSection(SolutionProperties) = preSolution
		HideSolutionNode = FALSE
	EndGlobalSection
	GlobalSection(ExtensibilityGlobals) = postSolution
		SolutionGuid = {29BDC006-8511-45DE-93E0-E07FC1D224A6}
	EndGlobalSection
EndGlobal
